
Microsoft Visual Studio Solution File, Format Version 12.00
# Visual Studio 14
VisualStudioVersion = 14.0.25420.1
MinimumVisualStudioVersion = 10.0.40219.1
Project("{FAE04EC0-301F-11D3-BF4B-00C04F79EFBC}") = "DD.OnlineNote.Model", "DD.OnlineNote.Model\DD.OnlineNote.Model.csproj", "{FE186C9A-E9B1-45AF-8A78-17DCC1C62F36}"
EndProject
Project("{FAE04EC0-301F-11D3-BF4B-00C04F79EFBC}") = "DD.OnlineNote.DataLayer", "DD.OnlineNote.DataLayer\DD.OnlineNote.DataLayer.csproj", "{79DF0B80-9AA3-4B1B-8CCE-2EC46CF5B8E0}"
EndProject
Project("{FAE04EC0-301F-11D3-BF4B-00C04F79EFBC}") = "DD.OnlineNote.DataLayer.SQL", "DD.OnlineNote.DataLayer.SQL\DD.OnlineNote.DataLayer.SQL.csproj", "{3977CBD8-BBE6-45B0-B8F4-098F1E4D18EA}"
	ProjectSection(ProjectDependencies) = postProject
		{79DF0B80-9AA3-4B1B-8CCE-2EC46CF5B8E0} = {79DF0B80-9AA3-4B1B-8CCE-2EC46CF5B8E0}
		{FE186C9A-E9B1-45AF-8A78-17DCC1C62F36} = {FE186C9A-E9B1-45AF-8A78-17DCC1C62F36}
	EndProjectSection
EndProject
Project("{FAE04EC0-301F-11D3-BF4B-00C04F79EFBC}") = "DD.OnlineNote.DataLayer.SQL.Tests", "DD.OnlineNote.DataLayer.SQL.Tests\DD.OnlineNote.DataLayer.SQL.Tests.csproj", "{36230210-C904-4EA9-81CF-4CFFF36A5678}"
	ProjectSection(ProjectDependencies) = postProject
		{79DF0B80-9AA3-4B1B-8CCE-2EC46CF5B8E0} = {79DF0B80-9AA3-4B1B-8CCE-2EC46CF5B8E0}
		{3977CBD8-BBE6-45B0-B8F4-098F1E4D18EA} = {3977CBD8-BBE6-45B0-B8F4-098F1E4D18EA}
	EndProjectSection
EndProject
Project("{FAE04EC0-301F-11D3-BF4B-00C04F79EFBC}") = "DD.OnlineNote.WebApi", "DD.OnlineNote.WebApi\DD.OnlineNote.WebApi.csproj", "{1B73FB05-6A27-40E1-BFAA-0AA90F776EC2}"
EndProject
Project("{FAE04EC0-301F-11D3-BF4B-00C04F79EFBC}") = "DD.OnlineNote.WebApi.Tests", "DD.OnlineNote.WebApi.Tests\DD.OnlineNote.WebApi.Tests.csproj", "{AB7E612B-D10D-419D-B48D-966B69281014}"
EndProject
Project("{FAE04EC0-301F-11D3-BF4B-00C04F79EFBC}") = "DD.OnlineNote.Logger", "DD.OnlineNote.Logger\DD.OnlineNote.Logger.csproj", "{09832CE9-3454-42D4-A4CD-8FF7F5522D5C}"
EndProject
Project("{FAE04EC0-301F-11D3-BF4B-00C04F79EFBC}") = "DD.OnlineNote.WPF", "DD.OnlineNote.WPF\DD.OnlineNote.WPF.csproj", "{5D546CEA-CC35-4222-B93B-2C44925C7C52}"
EndProject
Global
	GlobalSection(SolutionConfigurationPlatforms) = preSolution
		Debug|Any CPU = Debug|Any CPU
		Release|Any CPU = Release|Any CPU
	EndGlobalSection
	GlobalSection(ProjectConfigurationPlatforms) = postSolution
		{FE186C9A-E9B1-45AF-8A78-17DCC1C62F36}.Debug|Any CPU.ActiveCfg = Debug|Any CPU
		{FE186C9A-E9B1-45AF-8A78-17DCC1C62F36}.Debug|Any CPU.Build.0 = Debug|Any CPU
		{FE186C9A-E9B1-45AF-8A78-17DCC1C62F36}.Release|Any CPU.ActiveCfg = Release|Any CPU
		{FE186C9A-E9B1-45AF-8A78-17DCC1C62F36}.Release|Any CPU.Build.0 = Release|Any CPU
		{79DF0B80-9AA3-4B1B-8CCE-2EC46CF5B8E0}.Debug|Any CPU.ActiveCfg = Debug|Any CPU
		{79DF0B80-9AA3-4B1B-8CCE-2EC46CF5B8E0}.Debug|Any CPU.Build.0 = Debug|Any CPU
		{79DF0B80-9AA3-4B1B-8CCE-2EC46CF5B8E0}.Release|Any CPU.ActiveCfg = Release|Any CPU
		{79DF0B80-9AA3-4B1B-8CCE-2EC46CF5B8E0}.Release|Any CPU.Build.0 = Release|Any CPU
		{3977CBD8-BBE6-45B0-B8F4-098F1E4D18EA}.Debug|Any CPU.ActiveCfg = Debug|Any CPU
		{3977CBD8-BBE6-45B0-B8F4-098F1E4D18EA}.Debug|Any CPU.Build.0 = Debug|Any CPU
		{3977CBD8-BBE6-45B0-B8F4-098F1E4D18EA}.Release|Any CPU.ActiveCfg = Release|Any CPU
		{3977CBD8-BBE6-45B0-B8F4-098F1E4D18EA}.Release|Any CPU.Build.0 = Release|Any CPU
		{36230210-C904-4EA9-81CF-4CFFF36A5678}.Debug|Any CPU.ActiveCfg = Debug|Any CPU
		{36230210-C904-4EA9-81CF-4CFFF36A5678}.Debug|Any CPU.Build.0 = Debug|Any CPU
		{36230210-C904-4EA9-81CF-4CFFF36A5678}.Release|Any CPU.ActiveCfg = Release|Any CPU
		{36230210-C904-4EA9-81CF-4CFFF36A5678}.Release|Any CPU.Build.0 = Release|Any CPU
		{1B73FB05-6A27-40E1-BFAA-0AA90F776EC2}.Debug|Any CPU.ActiveCfg = Debug|Any CPU
		{1B73FB05-6A27-40E1-BFAA-0AA90F776EC2}.Debug|Any CPU.Build.0 = Debug|Any CPU
		{1B73FB05-6A27-40E1-BFAA-0AA90F776EC2}.Release|Any CPU.ActiveCfg = Release|Any CPU
		{1B73FB05-6A27-40E1-BFAA-0AA90F776EC2}.Release|Any CPU.Build.0 = Release|Any CPU
		{AB7E612B-D10D-419D-B48D-966B69281014}.Debug|Any CPU.ActiveCfg = Debug|Any CPU
		{AB7E612B-D10D-419D-B48D-966B69281014}.Debug|Any CPU.Build.0 = Debug|Any CPU
		{AB7E612B-D10D-419D-B48D-966B69281014}.Release|Any CPU.ActiveCfg = Release|Any CPU
		{AB7E612B-D10D-419D-B48D-966B69281014}.Release|Any CPU.Build.0 = Release|Any CPU
		{09832CE9-3454-42D4-A4CD-8FF7F5522D5C}.Debug|Any CPU.ActiveCfg = Debug|Any CPU
		{09832CE9-3454-42D4-A4CD-8FF7F5522D5C}.Debug|Any CPU.Build.0 = Debug|Any CPU
		{09832CE9-3454-42D4-A4CD-8FF7F5522D5C}.Release|Any CPU.ActiveCfg = Release|Any CPU
		{09832CE9-3454-42D4-A4CD-8FF7F5522D5C}.Release|Any CPU.Build.0 = Release|Any CPU
		{5D546CEA-CC35-4222-B93B-2C44925C7C52}.Debug|Any CPU.ActiveCfg = Debug|Any CPU
		{5D546CEA-CC35-4222-B93B-2C44925C7C52}.Debug|Any CPU.Build.0 = Debug|Any CPU
		{5D546CEA-CC35-4222-B93B-2C44925C7C52}.Release|Any CPU.ActiveCfg = Release|Any CPU
		{5D546CEA-CC35-4222-B93B-2C44925C7C52}.Release|Any CPU.Build.0 = Release|Any CPU
	EndGlobalSection
	GlobalSection(SolutionProperties) = preSolution
		HideSolutionNode = FALSE
	EndGlobalSection
EndGlobal
